
Microsoft Visual Studio Solution File, Format Version 12.00
# Visual Studio 2012
Project("{FAE04EC0-301F-11D3-BF4B-00C04F79EFBC}") = "PointSiteTest", "PointSiteTest\PointSiteTest.csproj", "{106CD786-0651-4F58-A7CB-CD275F45AE4D}"
EndProject
Project("{FAE04EC0-301F-11D3-BF4B-00C04F79EFBC}") = "DataLayer", "DataLayer\DataLayer.csproj", "{91A76773-BA8C-44FF-85AF-C931E27A193D}"
EndProject
Project("{FAE04EC0-301F-11D3-BF4B-00C04F79EFBC}") = "DataLayerTest", "PointSiteTest.Test\DataLayerTest.csproj", "{5D6FCE5B-AB56-4DF8-9714-A55B29DA6691}"
EndProject
Global
	GlobalSection(SolutionConfigurationPlatforms) = preSolution
		Debug|Any CPU = Debug|Any CPU
		Release|Any CPU = Release|Any CPU
	EndGlobalSection
	GlobalSection(ProjectConfigurationPlatforms) = postSolution
		{106CD786-0651-4F58-A7CB-CD275F45AE4D}.Debug|Any CPU.ActiveCfg = Debug|Any CPU
		{106CD786-0651-4F58-A7CB-CD275F45AE4D}.Debug|Any CPU.Build.0 = Debug|Any CPU
		{106CD786-0651-4F58-A7CB-CD275F45AE4D}.Release|Any CPU.ActiveCfg = Release|Any CPU
		{106CD786-0651-4F58-A7CB-CD275F45AE4D}.Release|Any CPU.Build.0 = Release|Any CPU
		{91A76773-BA8C-44FF-85AF-C931E27A193D}.Debug|Any CPU.ActiveCfg = Debug|Any CPU
		{91A76773-BA8C-44FF-85AF-C931E27A193D}.Debug|Any CPU.Build.0 = Debug|Any CPU
		{91A76773-BA8C-44FF-85AF-C931E27A193D}.Release|Any CPU.ActiveCfg = Release|Any CPU
		{91A76773-BA8C-44FF-85AF-C931E27A193D}.Release|Any CPU.Build.0 = Release|Any CPU
		{5D6FCE5B-AB56-4DF8-9714-A55B29DA6691}.Debug|Any CPU.ActiveCfg = Debug|Any CPU
		{5D6FCE5B-AB56-4DF8-9714-A55B29DA6691}.Debug|Any CPU.Build.0 = Debug|Any CPU
		{5D6FCE5B-AB56-4DF8-9714-A55B29DA6691}.Release|Any CPU.ActiveCfg = Release|Any CPU
		{5D6FCE5B-AB56-4DF8-9714-A55B29DA6691}.Release|Any CPU.Build.0 = Release|Any CPU
	EndGlobalSection
	GlobalSection(SolutionProperties) = preSolution
		HideSolutionNode = FALSE
	EndGlobalSection
EndGlobal
