
Microsoft Visual Studio Solution File, Format Version 12.00
# Visual Studio 2012
Project("{FAE04EC0-301F-11D3-BF4B-00C04F79EFBC}") = "PointSiteTest", "PointSiteTest\PointSiteTest.csproj", "{0313914A-6837-4030-999D-74BFC3D1E23E}"
EndProject
Project("{FAE04EC0-301F-11D3-BF4B-00C04F79EFBC}") = "DataLayerTest", "DataLayerTest\DataLayerTest.csproj", "{F362161A-B638-462E-B965-77F9E76EC307}"
EndProject
Project("{FAE04EC0-301F-11D3-BF4B-00C04F79EFBC}") = "DataLayer", "DataLayer\DataLayer.csproj", "{B70E5E13-A444-4746-9FC8-E5BDCB6C0F85}"
EndProject
Project("{FAE04EC0-301F-11D3-BF4B-00C04F79EFBC}") = "DataLayerService", "DataLayerService\DataLayerService.csproj", "{E12E8AA3-69EE-460E-A229-059A43B4B1BB}"
EndProject
Global
	GlobalSection(SolutionConfigurationPlatforms) = preSolution
		Debug|Any CPU = Debug|Any CPU
		Release|Any CPU = Release|Any CPU
	EndGlobalSection
	GlobalSection(ProjectConfigurationPlatforms) = postSolution
		{0313914A-6837-4030-999D-74BFC3D1E23E}.Debug|Any CPU.ActiveCfg = Debug|Any CPU
		{0313914A-6837-4030-999D-74BFC3D1E23E}.Debug|Any CPU.Build.0 = Debug|Any CPU
		{0313914A-6837-4030-999D-74BFC3D1E23E}.Release|Any CPU.ActiveCfg = Release|Any CPU
		{0313914A-6837-4030-999D-74BFC3D1E23E}.Release|Any CPU.Build.0 = Release|Any CPU
		{F362161A-B638-462E-B965-77F9E76EC307}.Debug|Any CPU.ActiveCfg = Debug|Any CPU
		{F362161A-B638-462E-B965-77F9E76EC307}.Debug|Any CPU.Build.0 = Debug|Any CPU
		{F362161A-B638-462E-B965-77F9E76EC307}.Release|Any CPU.ActiveCfg = Release|Any CPU
		{F362161A-B638-462E-B965-77F9E76EC307}.Release|Any CPU.Build.0 = Release|Any CPU
		{B70E5E13-A444-4746-9FC8-E5BDCB6C0F85}.Debug|Any CPU.ActiveCfg = Debug|Any CPU
		{B70E5E13-A444-4746-9FC8-E5BDCB6C0F85}.Debug|Any CPU.Build.0 = Debug|Any CPU
		{B70E5E13-A444-4746-9FC8-E5BDCB6C0F85}.Release|Any CPU.ActiveCfg = Release|Any CPU
		{B70E5E13-A444-4746-9FC8-E5BDCB6C0F85}.Release|Any CPU.Build.0 = Release|Any CPU
		{E12E8AA3-69EE-460E-A229-059A43B4B1BB}.Debug|Any CPU.ActiveCfg = Debug|Any CPU
		{E12E8AA3-69EE-460E-A229-059A43B4B1BB}.Debug|Any CPU.Build.0 = Debug|Any CPU
		{E12E8AA3-69EE-460E-A229-059A43B4B1BB}.Release|Any CPU.ActiveCfg = Release|Any CPU
		{E12E8AA3-69EE-460E-A229-059A43B4B1BB}.Release|Any CPU.Build.0 = Release|Any CPU
	EndGlobalSection
	GlobalSection(SolutionProperties) = preSolution
		HideSolutionNode = FALSE
	EndGlobalSection
EndGlobal
